{
  "object": {
    "pins": [
      {
        "package": "Feige",
        "repositoryURL": "https://github.com/Kosoku/Feige",
        "state": {
          "branch": null,
          "revision": "7934b25bf18bc65e0cca0240a8bb8ef1858d4312",
          "version": "2.0.1"
        }
      },
      {
        "package": "SwiftDocCPlugin",
        "repositoryURL": "https://github.com/apple/swift-docc-plugin",
        "state": {
          "branch": null,
          "revision": "26ac5758409154cc448d7ab82389c520fa8a8247",
          "version": "1.3.0"
        }
      },
      {
        "package": "SymbolKit",
        "repositoryURL": "https://github.com/apple/swift-docc-symbolkit",
        "state": {
          "branch": null,
          "revision": "b45d1f2ed151d057b54504d653e0da5552844e34",
          "version": "1.0.0"
        }
      }
    ]
  },
  "version": 1
}
