// !$*UTF8*$!
{
	archiveVersion = 1;
	classes = {
	};
	objectVersion = 56;
	objects = {

/* Begin PBXBuildFile section */
		796435DA2AE306FD00441331 /* UIBarButtonItem+Extensions.swift in Sources */ = {isa = PBXBuildFile; fileRef = 796435D92AE306FD00441331 /* UIBarButtonItem+Extensions.swift */; };
		796435DC2AE30BD700441331 /* ROMImage+Extensions.swift in Sources */ = {isa = PBXBuildFile; fileRef = 796435DB2AE30BD600441331 /* ROMImage+Extensions.swift */; };
		796435E02AE314D000441331 /* NSControl+Extensions.swift in Sources */ = {isa = PBXBuildFile; fileRef = 796435DF2AE314D000441331 /* NSControl+Extensions.swift */; };
		796435E22AE3161B00441331 /* UIViewController+Extensions.swift in Sources */ = {isa = PBXBuildFile; fileRef = 796435E12AE3161B00441331 /* UIViewController+Extensions.swift */; };
		796435E42AE31B4200441331 /* UIControlExtensionsViewController.swift in Sources */ = {isa = PBXBuildFile; fileRef = 796435E32AE31B4200441331 /* UIControlExtensionsViewController.swift */; };
		796435E62AE3280600441331 /* GradientViewController.swift in Sources */ = {isa = PBXBuildFile; fileRef = 796435E52AE3280600441331 /* GradientViewController.swift */; };
		796435E82AE32AC600441331 /* NSTableView+Extensions.swift in Sources */ = {isa = PBXBuildFile; fileRef = 796435E72AE32AC600441331 /* NSTableView+Extensions.swift */; };
		796435EA2AE32CF500441331 /* ViewModel.swift in Sources */ = {isa = PBXBuildFile; fileRef = 796435E92AE32CF500441331 /* ViewModel.swift */; };
		796435EC2AE3327500441331 /* NSControlExtensionsViewController.swift in Sources */ = {isa = PBXBuildFile; fileRef = 796435EB2AE3327500441331 /* NSControlExtensionsViewController.swift */; };
		796435EE2AE336DE00441331 /* UIGestureRecognizer+Extensions.swift in Sources */ = {isa = PBXBuildFile; fileRef = 796435ED2AE336DE00441331 /* UIGestureRecognizer+Extensions.swift */; };
		796435F02AE3376100441331 /* NSGestureRecognizer+Extensions.swift in Sources */ = {isa = PBXBuildFile; fileRef = 796435EF2AE3376100441331 /* NSGestureRecognizer+Extensions.swift */; };
		796567C82AD1E05E007EE6CB /* Romita.framework in Frameworks */ = {isa = PBXBuildFile; fileRef = 796567BF2AD1E05E007EE6CB /* Romita.framework */; };
		796567CD2AD1E05E007EE6CB /* RomitaTests.swift in Sources */ = {isa = PBXBuildFile; fileRef = 796567CC2AD1E05E007EE6CB /* RomitaTests.swift */; };
		796567CE2AD1E05E007EE6CB /* Romita.h in Headers */ = {isa = PBXBuildFile; fileRef = 796567C22AD1E05E007EE6CB /* Romita.h */; settings = {ATTRIBUTES = (Public, ); }; };
		796567DD2AD1E507007EE6CB /* DynamicColor.swift in Sources */ = {isa = PBXBuildFile; fileRef = 796567DC2AD1E507007EE6CB /* DynamicColor.swift */; };
		796DF6272AD22A6F00A18A4C /* Feige in Frameworks */ = {isa = PBXBuildFile; productRef = 796DF6262AD22A6F00A18A4C /* Feige */; };
		796DF6292AD236B200A18A4C /* Types.swift in Sources */ = {isa = PBXBuildFile; fileRef = 796DF6282AD236B200A18A4C /* Types.swift */; };
		79B4DFB92ADB744D0073D2B0 /* GradientView.swift in Sources */ = {isa = PBXBuildFile; fileRef = 79B4DFB82ADB744D0073D2B0 /* GradientView.swift */; };
		79B4DFC12ADB7C2F0073D2B0 /* AppDelegate.swift in Sources */ = {isa = PBXBuildFile; fileRef = 79B4DFC02ADB7C2F0073D2B0 /* AppDelegate.swift */; };
		79B4DFC32ADB7C2F0073D2B0 /* SceneDelegate.swift in Sources */ = {isa = PBXBuildFile; fileRef = 79B4DFC22ADB7C2F0073D2B0 /* SceneDelegate.swift */; };
		79B4DFC52ADB7C2F0073D2B0 /* ViewController.swift in Sources */ = {isa = PBXBuildFile; fileRef = 79B4DFC42ADB7C2F0073D2B0 /* ViewController.swift */; };
		79B4DFCA2ADB7C310073D2B0 /* Assets.xcassets in Resources */ = {isa = PBXBuildFile; fileRef = 79B4DFC92ADB7C310073D2B0 /* Assets.xcassets */; };
		79B4DFCD2ADB7C310073D2B0 /* LaunchScreen.storyboard in Resources */ = {isa = PBXBuildFile; fileRef = 79B4DFCB2ADB7C310073D2B0 /* LaunchScreen.storyboard */; };
		79B4DFD32ADB7DB50073D2B0 /* ViewModel.swift in Sources */ = {isa = PBXBuildFile; fileRef = 79B4DFD22ADB7DB50073D2B0 /* ViewModel.swift */; };
		79B4DFD72ADB81700073D2B0 /* Romita.framework in Frameworks */ = {isa = PBXBuildFile; fileRef = 796567BF2AD1E05E007EE6CB /* Romita.framework */; };
		79B4DFD82ADB81700073D2B0 /* Romita.framework in Embed Frameworks */ = {isa = PBXBuildFile; fileRef = 796567BF2AD1E05E007EE6CB /* Romita.framework */; settings = {ATTRIBUTES = (CodeSignOnCopy, RemoveHeadersOnCopy, ); }; };
		79B4DFDD2ADB86550073D2B0 /* GradientViewController.swift in Sources */ = {isa = PBXBuildFile; fileRef = 79B4DFDC2ADB86550073D2B0 /* GradientViewController.swift */; };
		79B4DFDF2ADB8FDC0073D2B0 /* ROMColor+Extensions.swift in Sources */ = {isa = PBXBuildFile; fileRef = 79B4DFDE2ADB8FDC0073D2B0 /* ROMColor+Extensions.swift */; };
		79B4DFE12ADB9F820073D2B0 /* ShakeAnimationViewController.swift in Sources */ = {isa = PBXBuildFile; fileRef = 79B4DFE02ADB9F820073D2B0 /* ShakeAnimationViewController.swift */; };
		79B4DFEB2ADBA9060073D2B0 /* AppDelegate.swift in Sources */ = {isa = PBXBuildFile; fileRef = 79B4DFEA2ADBA9060073D2B0 /* AppDelegate.swift */; };
		79B4DFED2ADBA9060073D2B0 /* ViewController.swift in Sources */ = {isa = PBXBuildFile; fileRef = 79B4DFEC2ADBA9060073D2B0 /* ViewController.swift */; };
		79B4DFEF2ADBA9080073D2B0 /* Assets.xcassets in Resources */ = {isa = PBXBuildFile; fileRef = 79B4DFEE2ADBA9080073D2B0 /* Assets.xcassets */; };
		79B4DFF22ADBA9080073D2B0 /* Main.storyboard in Resources */ = {isa = PBXBuildFile; fileRef = 79B4DFF02ADBA9080073D2B0 /* Main.storyboard */; };
		79B4DFF72ADBA9200073D2B0 /* Romita.framework in Frameworks */ = {isa = PBXBuildFile; fileRef = 796567BF2AD1E05E007EE6CB /* Romita.framework */; };
		79B4DFF82ADBA9200073D2B0 /* Romita.framework in Embed Frameworks */ = {isa = PBXBuildFile; fileRef = 796567BF2AD1E05E007EE6CB /* Romita.framework */; settings = {ATTRIBUTES = (CodeSignOnCopy, RemoveHeadersOnCopy, ); }; };
		79B4E0022ADBB3C80073D2B0 /* ROMView+Extensions.swift in Sources */ = {isa = PBXBuildFile; fileRef = 79B4E0012ADBB3C80073D2B0 /* ROMView+Extensions.swift */; };
		79B4E0082ADBCAD50073D2B0 /* UIStackView+Extensions.swift in Sources */ = {isa = PBXBuildFile; fileRef = 79B4E0032ADBCAD40073D2B0 /* UIStackView+Extensions.swift */; };
		79B4E0092ADBCAD50073D2B0 /* UITableView+Extensions.swift in Sources */ = {isa = PBXBuildFile; fileRef = 79B4E0042ADBCAD50073D2B0 /* UITableView+Extensions.swift */; };
		79B4E00A2ADBCAD50073D2B0 /* UICollectionView+Extensions.swift in Sources */ = {isa = PBXBuildFile; fileRef = 79B4E0052ADBCAD50073D2B0 /* UICollectionView+Extensions.swift */; };
		79B4E00B2ADBCAD50073D2B0 /* UIView+Extensions.swift in Sources */ = {isa = PBXBuildFile; fileRef = 79B4E0062ADBCAD50073D2B0 /* UIView+Extensions.swift */; };
		79B4E00C2ADBCAD50073D2B0 /* UIApplication+Extensions.swift in Sources */ = {isa = PBXBuildFile; fileRef = 79B4E0072ADBCAD50073D2B0 /* UIApplication+Extensions.swift */; };
		79F8EB5F2AE1B10B00F438BF /* UIControl+Extensions.swift in Sources */ = {isa = PBXBuildFile; fileRef = 79F8EB5E2AE1B10B00F438BF /* UIControl+Extensions.swift */; };
/* End PBXBuildFile section */

/* Begin PBXContainerItemProxy section */
		796567C92AD1E05E007EE6CB /* PBXContainerItemProxy */ = {
			isa = PBXContainerItemProxy;
			containerPortal = 796567B62AD1E05E007EE6CB /* Project object */;
			proxyType = 1;
			remoteGlobalIDString = 796567BE2AD1E05E007EE6CB;
			remoteInfo = Romita;
		};
		79B4DFD92ADB81700073D2B0 /* PBXContainerItemProxy */ = {
			isa = PBXContainerItemProxy;
			containerPortal = 796567B62AD1E05E007EE6CB /* Project object */;
			proxyType = 1;
			remoteGlobalIDString = 796567BE2AD1E05E007EE6CB;
			remoteInfo = Romita;
		};
		79B4DFF92ADBA9200073D2B0 /* PBXContainerItemProxy */ = {
			isa = PBXContainerItemProxy;
			containerPortal = 796567B62AD1E05E007EE6CB /* Project object */;
			proxyType = 1;
			remoteGlobalIDString = 796567BE2AD1E05E007EE6CB;
			remoteInfo = Romita;
		};
/* End PBXContainerItemProxy section */

/* Begin PBXCopyFilesBuildPhase section */
		79B4DFDB2ADB81700073D2B0 /* Embed Frameworks */ = {
			isa = PBXCopyFilesBuildPhase;
			buildActionMask = 2147483647;
			dstPath = "";
			dstSubfolderSpec = 10;
			files = (
				79B4DFD82ADB81700073D2B0 /* Romita.framework in Embed Frameworks */,
			);
			name = "Embed Frameworks";
			runOnlyForDeploymentPostprocessing = 0;
		};
		79B4DFFB2ADBA9200073D2B0 /* Embed Frameworks */ = {
			isa = PBXCopyFilesBuildPhase;
			buildActionMask = 2147483647;
			dstPath = "";
			dstSubfolderSpec = 10;
			files = (
				79B4DFF82ADBA9200073D2B0 /* Romita.framework in Embed Frameworks */,
			);
			name = "Embed Frameworks";
			runOnlyForDeploymentPostprocessing = 0;
		};
/* End PBXCopyFilesBuildPhase section */

/* Begin PBXFileReference section */
		796435D92AE306FD00441331 /* UIBarButtonItem+Extensions.swift */ = {isa = PBXFileReference; lastKnownFileType = sourcecode.swift; path = "UIBarButtonItem+Extensions.swift"; sourceTree = "<group>"; };
		796435DB2AE30BD600441331 /* ROMImage+Extensions.swift */ = {isa = PBXFileReference; lastKnownFileType = sourcecode.swift; path = "ROMImage+Extensions.swift"; sourceTree = "<group>"; };
		796435DF2AE314D000441331 /* NSControl+Extensions.swift */ = {isa = PBXFileReference; lastKnownFileType = sourcecode.swift; path = "NSControl+Extensions.swift"; sourceTree = "<group>"; };
		796435E12AE3161B00441331 /* UIViewController+Extensions.swift */ = {isa = PBXFileReference; lastKnownFileType = sourcecode.swift; path = "UIViewController+Extensions.swift"; sourceTree = "<group>"; };
		796435E32AE31B4200441331 /* UIControlExtensionsViewController.swift */ = {isa = PBXFileReference; lastKnownFileType = sourcecode.swift; path = UIControlExtensionsViewController.swift; sourceTree = "<group>"; };
		796435E52AE3280600441331 /* GradientViewController.swift */ = {isa = PBXFileReference; lastKnownFileType = sourcecode.swift; path = GradientViewController.swift; sourceTree = "<group>"; };
		796435E72AE32AC600441331 /* NSTableView+Extensions.swift */ = {isa = PBXFileReference; lastKnownFileType = sourcecode.swift; path = "NSTableView+Extensions.swift"; sourceTree = "<group>"; };
		796435E92AE32CF500441331 /* ViewModel.swift */ = {isa = PBXFileReference; lastKnownFileType = sourcecode.swift; path = ViewModel.swift; sourceTree = "<group>"; };
		796435EB2AE3327500441331 /* NSControlExtensionsViewController.swift */ = {isa = PBXFileReference; lastKnownFileType = sourcecode.swift; path = NSControlExtensionsViewController.swift; sourceTree = "<group>"; };
		796435ED2AE336DE00441331 /* UIGestureRecognizer+Extensions.swift */ = {isa = PBXFileReference; lastKnownFileType = sourcecode.swift; path = "UIGestureRecognizer+Extensions.swift"; sourceTree = "<group>"; };
		796435EF2AE3376100441331 /* NSGestureRecognizer+Extensions.swift */ = {isa = PBXFileReference; lastKnownFileType = sourcecode.swift; path = "NSGestureRecognizer+Extensions.swift"; sourceTree = "<group>"; };
		796567BF2AD1E05E007EE6CB /* Romita.framework */ = {isa = PBXFileReference; explicitFileType = wrapper.framework; includeInIndex = 0; path = Romita.framework; sourceTree = BUILT_PRODUCTS_DIR; };
		796567C22AD1E05E007EE6CB /* Romita.h */ = {isa = PBXFileReference; lastKnownFileType = sourcecode.c.h; path = Romita.h; sourceTree = "<group>"; };
		796567C72AD1E05E007EE6CB /* RomitaTests.xctest */ = {isa = PBXFileReference; explicitFileType = wrapper.cfbundle; includeInIndex = 0; path = RomitaTests.xctest; sourceTree = BUILT_PRODUCTS_DIR; };
		796567CC2AD1E05E007EE6CB /* RomitaTests.swift */ = {isa = PBXFileReference; lastKnownFileType = sourcecode.swift; path = RomitaTests.swift; sourceTree = "<group>"; };
		796567DC2AD1E507007EE6CB /* DynamicColor.swift */ = {isa = PBXFileReference; lastKnownFileType = sourcecode.swift; path = DynamicColor.swift; sourceTree = "<group>"; };
		796DF6202AD226D400A18A4C /* Package.swift */ = {isa = PBXFileReference; lastKnownFileType = sourcecode.swift; path = Package.swift; sourceTree = "<group>"; };
		796DF6282AD236B200A18A4C /* Types.swift */ = {isa = PBXFileReference; lastKnownFileType = sourcecode.swift; path = Types.swift; sourceTree = "<group>"; };
		79B4DFB82ADB744D0073D2B0 /* GradientView.swift */ = {isa = PBXFileReference; lastKnownFileType = sourcecode.swift; path = GradientView.swift; sourceTree = "<group>"; };
		79B4DFBE2ADB7C2F0073D2B0 /* Demo-iOS.app */ = {isa = PBXFileReference; explicitFileType = wrapper.application; includeInIndex = 0; path = "Demo-iOS.app"; sourceTree = BUILT_PRODUCTS_DIR; };
		79B4DFC02ADB7C2F0073D2B0 /* AppDelegate.swift */ = {isa = PBXFileReference; lastKnownFileType = sourcecode.swift; path = AppDelegate.swift; sourceTree = "<group>"; };
		79B4DFC22ADB7C2F0073D2B0 /* SceneDelegate.swift */ = {isa = PBXFileReference; lastKnownFileType = sourcecode.swift; path = SceneDelegate.swift; sourceTree = "<group>"; };
		79B4DFC42ADB7C2F0073D2B0 /* ViewController.swift */ = {isa = PBXFileReference; lastKnownFileType = sourcecode.swift; path = ViewController.swift; sourceTree = "<group>"; };
		79B4DFC92ADB7C310073D2B0 /* Assets.xcassets */ = {isa = PBXFileReference; lastKnownFileType = folder.assetcatalog; path = Assets.xcassets; sourceTree = "<group>"; };
		79B4DFCC2ADB7C310073D2B0 /* Base */ = {isa = PBXFileReference; lastKnownFileType = file.storyboard; name = Base; path = Base.lproj/LaunchScreen.storyboard; sourceTree = "<group>"; };
		79B4DFCE2ADB7C310073D2B0 /* Info.plist */ = {isa = PBXFileReference; lastKnownFileType = text.plist.xml; path = Info.plist; sourceTree = "<group>"; };
		79B4DFD22ADB7DB50073D2B0 /* ViewModel.swift */ = {isa = PBXFileReference; lastKnownFileType = sourcecode.swift; path = ViewModel.swift; sourceTree = "<group>"; };
		79B4DFDC2ADB86550073D2B0 /* GradientViewController.swift */ = {isa = PBXFileReference; lastKnownFileType = sourcecode.swift; path = GradientViewController.swift; sourceTree = "<group>"; };
		79B4DFDE2ADB8FDC0073D2B0 /* ROMColor+Extensions.swift */ = {isa = PBXFileReference; lastKnownFileType = sourcecode.swift; path = "ROMColor+Extensions.swift"; sourceTree = "<group>"; };
		79B4DFE02ADB9F820073D2B0 /* ShakeAnimationViewController.swift */ = {isa = PBXFileReference; lastKnownFileType = sourcecode.swift; path = ShakeAnimationViewController.swift; sourceTree = "<group>"; };
		79B4DFE82ADBA9050073D2B0 /* Demo-macOS.app */ = {isa = PBXFileReference; explicitFileType = wrapper.application; includeInIndex = 0; path = "Demo-macOS.app"; sourceTree = BUILT_PRODUCTS_DIR; };
		79B4DFEA2ADBA9060073D2B0 /* AppDelegate.swift */ = {isa = PBXFileReference; lastKnownFileType = sourcecode.swift; path = AppDelegate.swift; sourceTree = "<group>"; };
		79B4DFEC2ADBA9060073D2B0 /* ViewController.swift */ = {isa = PBXFileReference; lastKnownFileType = sourcecode.swift; path = ViewController.swift; sourceTree = "<group>"; };
		79B4DFEE2ADBA9080073D2B0 /* Assets.xcassets */ = {isa = PBXFileReference; lastKnownFileType = folder.assetcatalog; path = Assets.xcassets; sourceTree = "<group>"; };
		79B4DFF12ADBA9080073D2B0 /* Base */ = {isa = PBXFileReference; lastKnownFileType = file.storyboard; name = Base; path = Base.lproj/Main.storyboard; sourceTree = "<group>"; };
		79B4DFF32ADBA9080073D2B0 /* Demo_macOS.entitlements */ = {isa = PBXFileReference; lastKnownFileType = text.plist.entitlements; path = Demo_macOS.entitlements; sourceTree = "<group>"; };
		79B4E0012ADBB3C80073D2B0 /* ROMView+Extensions.swift */ = {isa = PBXFileReference; lastKnownFileType = sourcecode.swift; path = "ROMView+Extensions.swift"; sourceTree = "<group>"; };
		79B4E0032ADBCAD40073D2B0 /* UIStackView+Extensions.swift */ = {isa = PBXFileReference; fileEncoding = 4; lastKnownFileType = sourcecode.swift; path = "UIStackView+Extensions.swift"; sourceTree = "<group>"; };
		79B4E0042ADBCAD50073D2B0 /* UITableView+Extensions.swift */ = {isa = PBXFileReference; fileEncoding = 4; lastKnownFileType = sourcecode.swift; path = "UITableView+Extensions.swift"; sourceTree = "<group>"; };
		79B4E0052ADBCAD50073D2B0 /* UICollectionView+Extensions.swift */ = {isa = PBXFileReference; fileEncoding = 4; lastKnownFileType = sourcecode.swift; path = "UICollectionView+Extensions.swift"; sourceTree = "<group>"; };
		79B4E0062ADBCAD50073D2B0 /* UIView+Extensions.swift */ = {isa = PBXFileReference; fileEncoding = 4; lastKnownFileType = sourcecode.swift; path = "UIView+Extensions.swift"; sourceTree = "<group>"; };
		79B4E0072ADBCAD50073D2B0 /* UIApplication+Extensions.swift */ = {isa = PBXFileReference; fileEncoding = 4; lastKnownFileType = sourcecode.swift; path = "UIApplication+Extensions.swift"; sourceTree = "<group>"; };
		79F8EB5E2AE1B10B00F438BF /* UIControl+Extensions.swift */ = {isa = PBXFileReference; lastKnownFileType = sourcecode.swift; path = "UIControl+Extensions.swift"; sourceTree = "<group>"; };
		79F8EB602AE1BE1D00F438BF /* Info.plist */ = {isa = PBXFileReference; lastKnownFileType = text.plist.xml; path = Info.plist; sourceTree = "<group>"; };
/* End PBXFileReference section */

/* Begin PBXFrameworksBuildPhase section */
		796567BC2AD1E05E007EE6CB /* Frameworks */ = {
			isa = PBXFrameworksBuildPhase;
			buildActionMask = 2147483647;
			files = (
				796DF6272AD22A6F00A18A4C /* Feige in Frameworks */,
			);
			runOnlyForDeploymentPostprocessing = 0;
		};
		796567C42AD1E05E007EE6CB /* Frameworks */ = {
			isa = PBXFrameworksBuildPhase;
			buildActionMask = 2147483647;
			files = (
				796567C82AD1E05E007EE6CB /* Romita.framework in Frameworks */,
			);
			runOnlyForDeploymentPostprocessing = 0;
		};
		79B4DFBB2ADB7C2F0073D2B0 /* Frameworks */ = {
			isa = PBXFrameworksBuildPhase;
			buildActionMask = 2147483647;
			files = (
				79B4DFD72ADB81700073D2B0 /* Romita.framework in Frameworks */,
			);
			runOnlyForDeploymentPostprocessing = 0;
		};
		79B4DFE52ADBA9050073D2B0 /* Frameworks */ = {
			isa = PBXFrameworksBuildPhase;
			buildActionMask = 2147483647;
			files = (
				79B4DFF72ADBA9200073D2B0 /* Romita.framework in Frameworks */,
			);
			runOnlyForDeploymentPostprocessing = 0;
		};
/* End PBXFrameworksBuildPhase section */

/* Begin PBXGroup section */
		796567B52AD1E05E007EE6CB = {
			isa = PBXGroup;
			children = (
				796DF6202AD226D400A18A4C /* Package.swift */,
				796567C12AD1E05E007EE6CB /* Romita */,
				796567CB2AD1E05E007EE6CB /* RomitaTests */,
				79B4DFBF2ADB7C2F0073D2B0 /* Demo-iOS */,
				79B4DFE92ADBA9060073D2B0 /* Demo-macOS */,
				796567C02AD1E05E007EE6CB /* Products */,
				79B4DFD62ADB81700073D2B0 /* Frameworks */,
			);
			sourceTree = "<group>";
		};
		796567C02AD1E05E007EE6CB /* Products */ = {
			isa = PBXGroup;
			children = (
				796567BF2AD1E05E007EE6CB /* Romita.framework */,
				796567C72AD1E05E007EE6CB /* RomitaTests.xctest */,
				79B4DFBE2ADB7C2F0073D2B0 /* Demo-iOS.app */,
				79B4DFE82ADBA9050073D2B0 /* Demo-macOS.app */,
			);
			name = Products;
			sourceTree = "<group>";
		};
		796567C12AD1E05E007EE6CB /* Romita */ = {
			isa = PBXGroup;
			children = (
				796567C22AD1E05E007EE6CB /* Romita.h */,
				79F8EB602AE1BE1D00F438BF /* Info.plist */,
				796DF6282AD236B200A18A4C /* Types.swift */,
				796567DC2AD1E507007EE6CB /* DynamicColor.swift */,
				79B4DFB82ADB744D0073D2B0 /* GradientView.swift */,
				796435DF2AE314D000441331 /* NSControl+Extensions.swift */,
				796435EF2AE3376100441331 /* NSGestureRecognizer+Extensions.swift */,
				796435E72AE32AC600441331 /* NSTableView+Extensions.swift */,
				79B4DFDE2ADB8FDC0073D2B0 /* ROMColor+Extensions.swift */,
				796435DB2AE30BD600441331 /* ROMImage+Extensions.swift */,
				79B4E0012ADBB3C80073D2B0 /* ROMView+Extensions.swift */,
				79B4E0072ADBCAD50073D2B0 /* UIApplication+Extensions.swift */,
				796435D92AE306FD00441331 /* UIBarButtonItem+Extensions.swift */,
				79B4E0052ADBCAD50073D2B0 /* UICollectionView+Extensions.swift */,
				79F8EB5E2AE1B10B00F438BF /* UIControl+Extensions.swift */,
				796435ED2AE336DE00441331 /* UIGestureRecognizer+Extensions.swift */,
				79B4E0032ADBCAD40073D2B0 /* UIStackView+Extensions.swift */,
				79B4E0042ADBCAD50073D2B0 /* UITableView+Extensions.swift */,
				79B4E0062ADBCAD50073D2B0 /* UIView+Extensions.swift */,
				796435E12AE3161B00441331 /* UIViewController+Extensions.swift */,
			);
			path = Romita;
			sourceTree = "<group>";
		};
		796567CB2AD1E05E007EE6CB /* RomitaTests */ = {
			isa = PBXGroup;
			children = (
				796567CC2AD1E05E007EE6CB /* RomitaTests.swift */,
			);
			path = RomitaTests;
			sourceTree = "<group>";
		};
		79B4DFBF2ADB7C2F0073D2B0 /* Demo-iOS */ = {
			isa = PBXGroup;
			children = (
				79B4DFC02ADB7C2F0073D2B0 /* AppDelegate.swift */,
				79B4DFC22ADB7C2F0073D2B0 /* SceneDelegate.swift */,
				79B4DFD22ADB7DB50073D2B0 /* ViewModel.swift */,
				79B4DFC42ADB7C2F0073D2B0 /* ViewController.swift */,
				79B4DFDC2ADB86550073D2B0 /* GradientViewController.swift */,
				79B4DFE02ADB9F820073D2B0 /* ShakeAnimationViewController.swift */,
				796435E32AE31B4200441331 /* UIControlExtensionsViewController.swift */,
				79B4DFC92ADB7C310073D2B0 /* Assets.xcassets */,
				79B4DFCB2ADB7C310073D2B0 /* LaunchScreen.storyboard */,
				79B4DFCE2ADB7C310073D2B0 /* Info.plist */,
			);
			path = "Demo-iOS";
			sourceTree = "<group>";
		};
		79B4DFD62ADB81700073D2B0 /* Frameworks */ = {
			isa = PBXGroup;
			children = (
			);
			name = Frameworks;
			sourceTree = "<group>";
		};
		79B4DFE92ADBA9060073D2B0 /* Demo-macOS */ = {
			isa = PBXGroup;
			children = (
				79B4DFEA2ADBA9060073D2B0 /* AppDelegate.swift */,
				796435E92AE32CF500441331 /* ViewModel.swift */,
				79B4DFEC2ADBA9060073D2B0 /* ViewController.swift */,
				796435E52AE3280600441331 /* GradientViewController.swift */,
				796435EB2AE3327500441331 /* NSControlExtensionsViewController.swift */,
				79B4DFEE2ADBA9080073D2B0 /* Assets.xcassets */,
				79B4DFF02ADBA9080073D2B0 /* Main.storyboard */,
				79B4DFF32ADBA9080073D2B0 /* Demo_macOS.entitlements */,
			);
			path = "Demo-macOS";
			sourceTree = "<group>";
		};
/* End PBXGroup section */

/* Begin PBXHeadersBuildPhase section */
		796567BA2AD1E05E007EE6CB /* Headers */ = {
			isa = PBXHeadersBuildPhase;
			buildActionMask = 2147483647;
			files = (
				796567CE2AD1E05E007EE6CB /* Romita.h in Headers */,
			);
			runOnlyForDeploymentPostprocessing = 0;
		};
/* End PBXHeadersBuildPhase section */

/* Begin PBXNativeTarget section */
		796567BE2AD1E05E007EE6CB /* Romita */ = {
			isa = PBXNativeTarget;
			buildConfigurationList = 796567D12AD1E05E007EE6CB /* Build configuration list for PBXNativeTarget "Romita" */;
			buildPhases = (
				796567BA2AD1E05E007EE6CB /* Headers */,
				796567BB2AD1E05E007EE6CB /* Sources */,
				796567BC2AD1E05E007EE6CB /* Frameworks */,
				796567BD2AD1E05E007EE6CB /* Resources */,
			);
			buildRules = (
			);
			dependencies = (
			);
			name = Romita;
			packageProductDependencies = (
				796DF6262AD22A6F00A18A4C /* Feige */,
			);
			productName = Romita;
			productReference = 796567BF2AD1E05E007EE6CB /* Romita.framework */;
			productType = "com.apple.product-type.framework";
		};
		796567C62AD1E05E007EE6CB /* RomitaTests */ = {
			isa = PBXNativeTarget;
			buildConfigurationList = 796567D42AD1E05E007EE6CB /* Build configuration list for PBXNativeTarget "RomitaTests" */;
			buildPhases = (
				796567C32AD1E05E007EE6CB /* Sources */,
				796567C42AD1E05E007EE6CB /* Frameworks */,
				796567C52AD1E05E007EE6CB /* Resources */,
			);
			buildRules = (
			);
			dependencies = (
				796567CA2AD1E05E007EE6CB /* PBXTargetDependency */,
			);
			name = RomitaTests;
			productName = RomitaTests;
			productReference = 796567C72AD1E05E007EE6CB /* RomitaTests.xctest */;
			productType = "com.apple.product-type.bundle.unit-test";
		};
		79B4DFBD2ADB7C2F0073D2B0 /* Demo-iOS */ = {
			isa = PBXNativeTarget;
			buildConfigurationList = 79B4DFCF2ADB7C310073D2B0 /* Build configuration list for PBXNativeTarget "Demo-iOS" */;
			buildPhases = (
				79B4DFBA2ADB7C2F0073D2B0 /* Sources */,
				79B4DFBB2ADB7C2F0073D2B0 /* Frameworks */,
				79B4DFBC2ADB7C2F0073D2B0 /* Resources */,
				79B4DFDB2ADB81700073D2B0 /* Embed Frameworks */,
			);
			buildRules = (
			);
			dependencies = (
				79B4DFDA2ADB81700073D2B0 /* PBXTargetDependency */,
			);
			name = "Demo-iOS";
			productName = "Demo-iOS";
			productReference = 79B4DFBE2ADB7C2F0073D2B0 /* Demo-iOS.app */;
			productType = "com.apple.product-type.application";
		};
		79B4DFE72ADBA9050073D2B0 /* Demo-macOS */ = {
			isa = PBXNativeTarget;
			buildConfigurationList = 79B4DFF42ADBA9080073D2B0 /* Build configuration list for PBXNativeTarget "Demo-macOS" */;
			buildPhases = (
				79B4DFE42ADBA9050073D2B0 /* Sources */,
				79B4DFE52ADBA9050073D2B0 /* Frameworks */,
				79B4DFE62ADBA9050073D2B0 /* Resources */,
				79B4DFFB2ADBA9200073D2B0 /* Embed Frameworks */,
			);
			buildRules = (
			);
			dependencies = (
				79B4DFFA2ADBA9200073D2B0 /* PBXTargetDependency */,
			);
			name = "Demo-macOS";
			productName = "Demo-macOS";
			productReference = 79B4DFE82ADBA9050073D2B0 /* Demo-macOS.app */;
			productType = "com.apple.product-type.application";
		};
/* End PBXNativeTarget section */

/* Begin PBXProject section */
		796567B62AD1E05E007EE6CB /* Project object */ = {
			isa = PBXProject;
			attributes = {
				BuildIndependentTargetsInParallel = 1;
				CLASSPREFIX = ROM;
				LastSwiftUpdateCheck = 1500;
				LastUpgradeCheck = 1500;
				ORGANIZATIONNAME = "Kosoku Interactive, LLC.";
				TargetAttributes = {
					796567BE2AD1E05E007EE6CB = {
						CreatedOnToolsVersion = 15.0;
						LastSwiftMigration = 1500;
					};
					796567C62AD1E05E007EE6CB = {
						CreatedOnToolsVersion = 15.0;
					};
					79B4DFBD2ADB7C2F0073D2B0 = {
						CreatedOnToolsVersion = 15.0;
					};
					79B4DFE72ADBA9050073D2B0 = {
						CreatedOnToolsVersion = 15.0;
					};
				};
			};
			buildConfigurationList = 796567B92AD1E05E007EE6CB /* Build configuration list for PBXProject "Romita" */;
			compatibilityVersion = "Xcode 14.0";
			developmentRegion = en;
			hasScannedForEncodings = 0;
			knownRegions = (
				en,
				Base,
			);
			mainGroup = 796567B52AD1E05E007EE6CB;
			packageReferences = (
				796DF6252AD22A6F00A18A4C /* XCRemoteSwiftPackageReference "Feige" */,
			);
			productRefGroup = 796567C02AD1E05E007EE6CB /* Products */;
			projectDirPath = "";
			projectRoot = "";
			targets = (
				796567BE2AD1E05E007EE6CB /* Romita */,
				796567C62AD1E05E007EE6CB /* RomitaTests */,
				79B4DFBD2ADB7C2F0073D2B0 /* Demo-iOS */,
				79B4DFE72ADBA9050073D2B0 /* Demo-macOS */,
			);
		};
/* End PBXProject section */

/* Begin PBXResourcesBuildPhase section */
		796567BD2AD1E05E007EE6CB /* Resources */ = {
			isa = PBXResourcesBuildPhase;
			buildActionMask = 2147483647;
			files = (
			);
			runOnlyForDeploymentPostprocessing = 0;
		};
		796567C52AD1E05E007EE6CB /* Resources */ = {
			isa = PBXResourcesBuildPhase;
			buildActionMask = 2147483647;
			files = (
			);
			runOnlyForDeploymentPostprocessing = 0;
		};
		79B4DFBC2ADB7C2F0073D2B0 /* Resources */ = {
			isa = PBXResourcesBuildPhase;
			buildActionMask = 2147483647;
			files = (
				79B4DFCD2ADB7C310073D2B0 /* LaunchScreen.storyboard in Resources */,
				79B4DFCA2ADB7C310073D2B0 /* Assets.xcassets in Resources */,
			);
			runOnlyForDeploymentPostprocessing = 0;
		};
		79B4DFE62ADBA9050073D2B0 /* Resources */ = {
			isa = PBXResourcesBuildPhase;
			buildActionMask = 2147483647;
			files = (
				79B4DFEF2ADBA9080073D2B0 /* Assets.xcassets in Resources */,
				79B4DFF22ADBA9080073D2B0 /* Main.storyboard in Resources */,
			);
			runOnlyForDeploymentPostprocessing = 0;
		};
/* End PBXResourcesBuildPhase section */

/* Begin PBXSourcesBuildPhase section */
		796567BB2AD1E05E007EE6CB /* Sources */ = {
			isa = PBXSourcesBuildPhase;
			buildActionMask = 2147483647;
			files = (
				796435DA2AE306FD00441331 /* UIBarButtonItem+Extensions.swift in Sources */,
				79B4E00C2ADBCAD50073D2B0 /* UIApplication+Extensions.swift in Sources */,
				796435DC2AE30BD700441331 /* ROMImage+Extensions.swift in Sources */,
				796567DD2AD1E507007EE6CB /* DynamicColor.swift in Sources */,
				79B4E0092ADBCAD50073D2B0 /* UITableView+Extensions.swift in Sources */,
				79B4DFB92ADB744D0073D2B0 /* GradientView.swift in Sources */,
				796435E82AE32AC600441331 /* NSTableView+Extensions.swift in Sources */,
				79B4E00B2ADBCAD50073D2B0 /* UIView+Extensions.swift in Sources */,
				796435EE2AE336DE00441331 /* UIGestureRecognizer+Extensions.swift in Sources */,
				79B4DFDF2ADB8FDC0073D2B0 /* ROMColor+Extensions.swift in Sources */,
				796435E02AE314D000441331 /* NSControl+Extensions.swift in Sources */,
				79B4E00A2ADBCAD50073D2B0 /* UICollectionView+Extensions.swift in Sources */,
				79F8EB5F2AE1B10B00F438BF /* UIControl+Extensions.swift in Sources */,
				796435E22AE3161B00441331 /* UIViewController+Extensions.swift in Sources */,
				796435F02AE3376100441331 /* NSGestureRecognizer+Extensions.swift in Sources */,
				79B4E0082ADBCAD50073D2B0 /* UIStackView+Extensions.swift in Sources */,
				796DF6292AD236B200A18A4C /* Types.swift in Sources */,
				79B4E0022ADBB3C80073D2B0 /* ROMView+Extensions.swift in Sources */,
			);
			runOnlyForDeploymentPostprocessing = 0;
		};
		796567C32AD1E05E007EE6CB /* Sources */ = {
			isa = PBXSourcesBuildPhase;
			buildActionMask = 2147483647;
			files = (
				796567CD2AD1E05E007EE6CB /* RomitaTests.swift in Sources */,
			);
			runOnlyForDeploymentPostprocessing = 0;
		};
		79B4DFBA2ADB7C2F0073D2B0 /* Sources */ = {
			isa = PBXSourcesBuildPhase;
			buildActionMask = 2147483647;
			files = (
				796435E42AE31B4200441331 /* UIControlExtensionsViewController.swift in Sources */,
				79B4DFE12ADB9F820073D2B0 /* ShakeAnimationViewController.swift in Sources */,
				79B4DFC52ADB7C2F0073D2B0 /* ViewController.swift in Sources */,
				79B4DFC12ADB7C2F0073D2B0 /* AppDelegate.swift in Sources */,
				79B4DFDD2ADB86550073D2B0 /* GradientViewController.swift in Sources */,
				79B4DFD32ADB7DB50073D2B0 /* ViewModel.swift in Sources */,
				79B4DFC32ADB7C2F0073D2B0 /* SceneDelegate.swift in Sources */,
			);
			runOnlyForDeploymentPostprocessing = 0;
		};
		79B4DFE42ADBA9050073D2B0 /* Sources */ = {
			isa = PBXSourcesBuildPhase;
			buildActionMask = 2147483647;
			files = (
				79B4DFED2ADBA9060073D2B0 /* ViewController.swift in Sources */,
				796435EC2AE3327500441331 /* NSControlExtensionsViewController.swift in Sources */,
				79B4DFEB2ADBA9060073D2B0 /* AppDelegate.swift in Sources */,
				796435EA2AE32CF500441331 /* ViewModel.swift in Sources */,
				796435E62AE3280600441331 /* GradientViewController.swift in Sources */,
			);
			runOnlyForDeploymentPostprocessing = 0;
		};
/* End PBXSourcesBuildPhase section */

/* Begin PBXTargetDependency section */
		796567CA2AD1E05E007EE6CB /* PBXTargetDependency */ = {
			isa = PBXTargetDependency;
			target = 796567BE2AD1E05E007EE6CB /* Romita */;
			targetProxy = 796567C92AD1E05E007EE6CB /* PBXContainerItemProxy */;
		};
		79B4DFDA2ADB81700073D2B0 /* PBXTargetDependency */ = {
			isa = PBXTargetDependency;
			target = 796567BE2AD1E05E007EE6CB /* Romita */;
			targetProxy = 79B4DFD92ADB81700073D2B0 /* PBXContainerItemProxy */;
		};
		79B4DFFA2ADBA9200073D2B0 /* PBXTargetDependency */ = {
			isa = PBXTargetDependency;
			target = 796567BE2AD1E05E007EE6CB /* Romita */;
			targetProxy = 79B4DFF92ADBA9200073D2B0 /* PBXContainerItemProxy */;
		};
/* End PBXTargetDependency section */

/* Begin PBXVariantGroup section */
		79B4DFCB2ADB7C310073D2B0 /* LaunchScreen.storyboard */ = {
			isa = PBXVariantGroup;
			children = (
				79B4DFCC2ADB7C310073D2B0 /* Base */,
			);
			name = LaunchScreen.storyboard;
			sourceTree = "<group>";
		};
		79B4DFF02ADBA9080073D2B0 /* Main.storyboard */ = {
			isa = PBXVariantGroup;
			children = (
				79B4DFF12ADBA9080073D2B0 /* Base */,
			);
			name = Main.storyboard;
			sourceTree = "<group>";
		};
/* End PBXVariantGroup section */

/* Begin XCBuildConfiguration section */
		796567CF2AD1E05E007EE6CB /* Debug */ = {
			isa = XCBuildConfiguration;
			buildSettings = {
				ALWAYS_SEARCH_USER_PATHS = NO;
				ASSETCATALOG_COMPILER_GENERATE_SWIFT_ASSET_SYMBOL_EXTENSIONS = YES;
				CLANG_ANALYZER_NONNULL = YES;
				CLANG_ANALYZER_NUMBER_OBJECT_CONVERSION = YES_AGGRESSIVE;
				CLANG_CXX_LANGUAGE_STANDARD = "gnu++20";
				CLANG_ENABLE_MODULES = YES;
				CLANG_ENABLE_OBJC_ARC = YES;
				CLANG_ENABLE_OBJC_WEAK = YES;
				CLANG_WARN_BLOCK_CAPTURE_AUTORELEASING = YES;
				CLANG_WARN_BOOL_CONVERSION = YES;
				CLANG_WARN_COMMA = YES;
				CLANG_WARN_CONSTANT_CONVERSION = YES;
				CLANG_WARN_DEPRECATED_OBJC_IMPLEMENTATIONS = YES;
				CLANG_WARN_DIRECT_OBJC_ISA_USAGE = YES_ERROR;
				CLANG_WARN_DOCUMENTATION_COMMENTS = YES;
				CLANG_WARN_EMPTY_BODY = YES;
				CLANG_WARN_ENUM_CONVERSION = YES;
				CLANG_WARN_INFINITE_RECURSION = YES;
				CLANG_WARN_INT_CONVERSION = YES;
				CLANG_WARN_NON_LITERAL_NULL_CONVERSION = YES;
				CLANG_WARN_OBJC_IMPLICIT_RETAIN_SELF = YES;
				CLANG_WARN_OBJC_LITERAL_CONVERSION = YES;
				CLANG_WARN_OBJC_ROOT_CLASS = YES_ERROR;
				CLANG_WARN_QUOTED_INCLUDE_IN_FRAMEWORK_HEADER = YES;
				CLANG_WARN_RANGE_LOOP_ANALYSIS = YES;
				CLANG_WARN_STRICT_PROTOTYPES = YES;
				CLANG_WARN_SUSPICIOUS_MOVE = YES;
				CLANG_WARN_UNGUARDED_AVAILABILITY = YES_AGGRESSIVE;
				CLANG_WARN_UNREACHABLE_CODE = YES;
				CLANG_WARN__DUPLICATE_METHOD_MATCH = YES;
				COPY_PHASE_STRIP = NO;
				CURRENT_PROJECT_VERSION = 1;
				DEBUG_INFORMATION_FORMAT = dwarf;
				ENABLE_STRICT_OBJC_MSGSEND = YES;
				ENABLE_TESTABILITY = YES;
				ENABLE_USER_SCRIPT_SANDBOXING = YES;
				GCC_C_LANGUAGE_STANDARD = gnu17;
				GCC_DYNAMIC_NO_PIC = NO;
				GCC_NO_COMMON_BLOCKS = YES;
				GCC_OPTIMIZATION_LEVEL = 0;
				GCC_PREPROCESSOR_DEFINITIONS = (
					"DEBUG=1",
					"$(inherited)",
				);
				GCC_WARN_64_TO_32_BIT_CONVERSION = YES;
				GCC_WARN_ABOUT_RETURN_TYPE = YES_ERROR;
				GCC_WARN_UNDECLARED_SELECTOR = YES;
				GCC_WARN_UNINITIALIZED_AUTOS = YES_AGGRESSIVE;
				GCC_WARN_UNUSED_FUNCTION = YES;
				GCC_WARN_UNUSED_VARIABLE = YES;
				LOCALIZATION_PREFERS_STRING_CATALOGS = YES;
				MTL_ENABLE_DEBUG_INFO = INCLUDE_SOURCE;
				MTL_FAST_MATH = YES;
				ONLY_ACTIVE_ARCH = YES;
				SWIFT_ACTIVE_COMPILATION_CONDITIONS = "DEBUG $(inherited)";
				SWIFT_OPTIMIZATION_LEVEL = "-Onone";
				VERSIONING_SYSTEM = "apple-generic";
				VERSION_INFO_PREFIX = "";
			};
			name = Debug;
		};
		796567D02AD1E05E007EE6CB /* Release */ = {
			isa = XCBuildConfiguration;
			buildSettings = {
				ALWAYS_SEARCH_USER_PATHS = NO;
				ASSETCATALOG_COMPILER_GENERATE_SWIFT_ASSET_SYMBOL_EXTENSIONS = YES;
				CLANG_ANALYZER_NONNULL = YES;
				CLANG_ANALYZER_NUMBER_OBJECT_CONVERSION = YES_AGGRESSIVE;
				CLANG_CXX_LANGUAGE_STANDARD = "gnu++20";
				CLANG_ENABLE_MODULES = YES;
				CLANG_ENABLE_OBJC_ARC = YES;
				CLANG_ENABLE_OBJC_WEAK = YES;
				CLANG_WARN_BLOCK_CAPTURE_AUTORELEASING = YES;
				CLANG_WARN_BOOL_CONVERSION = YES;
				CLANG_WARN_COMMA = YES;
				CLANG_WARN_CONSTANT_CONVERSION = YES;
				CLANG_WARN_DEPRECATED_OBJC_IMPLEMENTATIONS = YES;
				CLANG_WARN_DIRECT_OBJC_ISA_USAGE = YES_ERROR;
				CLANG_WARN_DOCUMENTATION_COMMENTS = YES;
				CLANG_WARN_EMPTY_BODY = YES;
				CLANG_WARN_ENUM_CONVERSION = YES;
				CLANG_WARN_INFINITE_RECURSION = YES;
				CLANG_WARN_INT_CONVERSION = YES;
				CLANG_WARN_NON_LITERAL_NULL_CONVERSION = YES;
				CLANG_WARN_OBJC_IMPLICIT_RETAIN_SELF = YES;
				CLANG_WARN_OBJC_LITERAL_CONVERSION = YES;
				CLANG_WARN_OBJC_ROOT_CLASS = YES_ERROR;
				CLANG_WARN_QUOTED_INCLUDE_IN_FRAMEWORK_HEADER = YES;
				CLANG_WARN_RANGE_LOOP_ANALYSIS = YES;
				CLANG_WARN_STRICT_PROTOTYPES = YES;
				CLANG_WARN_SUSPICIOUS_MOVE = YES;
				CLANG_WARN_UNGUARDED_AVAILABILITY = YES_AGGRESSIVE;
				CLANG_WARN_UNREACHABLE_CODE = YES;
				CLANG_WARN__DUPLICATE_METHOD_MATCH = YES;
				COPY_PHASE_STRIP = NO;
				CURRENT_PROJECT_VERSION = 1;
				DEBUG_INFORMATION_FORMAT = "dwarf-with-dsym";
				ENABLE_NS_ASSERTIONS = NO;
				ENABLE_STRICT_OBJC_MSGSEND = YES;
				ENABLE_USER_SCRIPT_SANDBOXING = YES;
				GCC_C_LANGUAGE_STANDARD = gnu17;
				GCC_NO_COMMON_BLOCKS = YES;
				GCC_WARN_64_TO_32_BIT_CONVERSION = YES;
				GCC_WARN_ABOUT_RETURN_TYPE = YES_ERROR;
				GCC_WARN_UNDECLARED_SELECTOR = YES;
				GCC_WARN_UNINITIALIZED_AUTOS = YES_AGGRESSIVE;
				GCC_WARN_UNUSED_FUNCTION = YES;
				GCC_WARN_UNUSED_VARIABLE = YES;
				LOCALIZATION_PREFERS_STRING_CATALOGS = YES;
				MTL_ENABLE_DEBUG_INFO = NO;
				MTL_FAST_MATH = YES;
				SWIFT_COMPILATION_MODE = wholemodule;
				VERSIONING_SYSTEM = "apple-generic";
				VERSION_INFO_PREFIX = "";
			};
			name = Release;
		};
		796567D22AD1E05E007EE6CB /* Debug */ = {
			isa = XCBuildConfiguration;
			buildSettings = {
				CLANG_ENABLE_MODULES = YES;
				CODE_SIGN_STYLE = Automatic;
				CURRENT_PROJECT_VERSION = 1;
				DEFINES_MODULE = YES;
				DEVELOPMENT_TEAM = 74KPPW2K35;
				DYLIB_COMPATIBILITY_VERSION = 1;
				DYLIB_CURRENT_VERSION = 1;
				DYLIB_INSTALL_NAME_BASE = "@rpath";
				ENABLE_MODULE_VERIFIER = YES;
				GENERATE_INFOPLIST_FILE = NO;
				INFOPLIST_FILE = "$(TARGET_NAME)/Info.plist";
				INFOPLIST_KEY_NSHumanReadableCopyright = "Kosoku Interactive, LLC.";
				INSTALL_PATH = "$(LOCAL_LIBRARY_DIR)/Frameworks";
				IPHONEOS_DEPLOYMENT_TARGET = 14.0;
				LD_RUNPATH_SEARCH_PATHS = (
					"@executable_path/Frameworks",
					"@loader_path/Frameworks",
				);
				"LD_RUNPATH_SEARCH_PATHS[sdk=macosx*]" = (
					"@executable_path/../Frameworks",
					"@loader_path/Frameworks",
				);
				MACOSX_DEPLOYMENT_TARGET = 11.0;
				MARKETING_VERSION = 1.1.0;
				MODULE_VERIFIER_SUPPORTED_LANGUAGES = "objective-c objective-c++";
				MODULE_VERIFIER_SUPPORTED_LANGUAGE_STANDARDS = "gnu17 gnu++20";
				PRODUCT_BUNDLE_IDENTIFIER = com.kosoku.Romita;
				PRODUCT_NAME = "$(TARGET_NAME:c99extidentifier)";
				SDKROOT = auto;
				SKIP_INSTALL = YES;
				SUPPORTED_PLATFORMS = "appletvos appletvsimulator iphoneos iphonesimulator macosx watchos watchsimulator";
				SUPPORTS_MACCATALYST = NO;
				SWIFT_EMIT_LOC_STRINGS = YES;
				SWIFT_OPTIMIZATION_LEVEL = "-Onone";
				SWIFT_VERSION = 5.0;
				TARGETED_DEVICE_FAMILY = "1,2,3,4";
				TVOS_DEPLOYMENT_TARGET = 13.0;
				WATCHOS_DEPLOYMENT_TARGET = 5.0;
			};
			name = Debug;
		};
		796567D32AD1E05E007EE6CB /* Release */ = {
			isa = XCBuildConfiguration;
			buildSettings = {
				CLANG_ENABLE_MODULES = YES;
				CODE_SIGN_STYLE = Automatic;
				CURRENT_PROJECT_VERSION = 1;
				DEFINES_MODULE = YES;
				DEVELOPMENT_TEAM = 74KPPW2K35;
				DYLIB_COMPATIBILITY_VERSION = 1;
				DYLIB_CURRENT_VERSION = 1;
				DYLIB_INSTALL_NAME_BASE = "@rpath";
				ENABLE_MODULE_VERIFIER = YES;
				GENERATE_INFOPLIST_FILE = NO;
				INFOPLIST_FILE = "$(TARGET_NAME)/Info.plist";
				INFOPLIST_KEY_NSHumanReadableCopyright = "Kosoku Interactive, LLC.";
				INSTALL_PATH = "$(LOCAL_LIBRARY_DIR)/Frameworks";
				IPHONEOS_DEPLOYMENT_TARGET = 14.0;
				LD_RUNPATH_SEARCH_PATHS = (
					"@executable_path/Frameworks",
					"@loader_path/Frameworks",
				);
				"LD_RUNPATH_SEARCH_PATHS[sdk=macosx*]" = (
					"@executable_path/../Frameworks",
					"@loader_path/Frameworks",
				);
				MACOSX_DEPLOYMENT_TARGET = 11.0;
				MARKETING_VERSION = 1.1.0;
				MODULE_VERIFIER_SUPPORTED_LANGUAGES = "objective-c objective-c++";
				MODULE_VERIFIER_SUPPORTED_LANGUAGE_STANDARDS = "gnu17 gnu++20";
				PRODUCT_BUNDLE_IDENTIFIER = com.kosoku.Romita;
				PRODUCT_NAME = "$(TARGET_NAME:c99extidentifier)";
				SDKROOT = auto;
				SKIP_INSTALL = YES;
				SUPPORTED_PLATFORMS = "appletvos appletvsimulator iphoneos iphonesimulator macosx watchos watchsimulator";
				SUPPORTS_MACCATALYST = NO;
				SWIFT_EMIT_LOC_STRINGS = YES;
				SWIFT_VERSION = 5.0;
				TARGETED_DEVICE_FAMILY = "1,2,3,4";
				TVOS_DEPLOYMENT_TARGET = 13.0;
				WATCHOS_DEPLOYMENT_TARGET = 5.0;
			};
			name = Release;
		};
		796567D52AD1E05E007EE6CB /* Debug */ = {
			isa = XCBuildConfiguration;
			buildSettings = {
				ALWAYS_EMBED_SWIFT_STANDARD_LIBRARIES = YES;
				CODE_SIGN_STYLE = Automatic;
				CURRENT_PROJECT_VERSION = 1;
				DEVELOPMENT_TEAM = 74KPPW2K35;
				GENERATE_INFOPLIST_FILE = YES;
				IPHONEOS_DEPLOYMENT_TARGET = 17.0;
				MACOSX_DEPLOYMENT_TARGET = 13.5;
				MARKETING_VERSION = 1.0;
				PRODUCT_BUNDLE_IDENTIFIER = com.kosoku.RomitaTests;
				PRODUCT_NAME = "$(TARGET_NAME)";
				SDKROOT = auto;
				SUPPORTED_PLATFORMS = "iphoneos iphonesimulator macosx";
				SWIFT_EMIT_LOC_STRINGS = NO;
				SWIFT_VERSION = 5.0;
				TARGETED_DEVICE_FAMILY = "1,2";
			};
			name = Debug;
		};
		796567D62AD1E05E007EE6CB /* Release */ = {
			isa = XCBuildConfiguration;
			buildSettings = {
				ALWAYS_EMBED_SWIFT_STANDARD_LIBRARIES = YES;
				CODE_SIGN_STYLE = Automatic;
				CURRENT_PROJECT_VERSION = 1;
				DEVELOPMENT_TEAM = 74KPPW2K35;
				GENERATE_INFOPLIST_FILE = YES;
				IPHONEOS_DEPLOYMENT_TARGET = 17.0;
				MACOSX_DEPLOYMENT_TARGET = 13.5;
				MARKETING_VERSION = 1.0;
				PRODUCT_BUNDLE_IDENTIFIER = com.kosoku.RomitaTests;
				PRODUCT_NAME = "$(TARGET_NAME)";
				SDKROOT = auto;
				SUPPORTED_PLATFORMS = "iphoneos iphonesimulator macosx";
				SWIFT_EMIT_LOC_STRINGS = NO;
				SWIFT_VERSION = 5.0;
				TARGETED_DEVICE_FAMILY = "1,2";
			};
			name = Release;
		};
		79B4DFD02ADB7C310073D2B0 /* Debug */ = {
			isa = XCBuildConfiguration;
			buildSettings = {
				ASSETCATALOG_COMPILER_APPICON_NAME = AppIcon;
				ASSETCATALOG_COMPILER_GLOBAL_ACCENT_COLOR_NAME = AccentColor;
				CODE_SIGN_STYLE = Automatic;
				CURRENT_PROJECT_VERSION = 1;
				DEVELOPMENT_TEAM = 74KPPW2K35;
				GENERATE_INFOPLIST_FILE = YES;
				INFOPLIST_FILE = "Demo-iOS/Info.plist";
				INFOPLIST_KEY_UIApplicationSupportsIndirectInputEvents = YES;
				INFOPLIST_KEY_UILaunchStoryboardName = LaunchScreen;
				INFOPLIST_KEY_UISupportedInterfaceOrientations_iPad = "UIInterfaceOrientationPortrait UIInterfaceOrientationPortraitUpsideDown UIInterfaceOrientationLandscapeLeft UIInterfaceOrientationLandscapeRight";
				INFOPLIST_KEY_UISupportedInterfaceOrientations_iPhone = "UIInterfaceOrientationPortrait UIInterfaceOrientationLandscapeLeft UIInterfaceOrientationLandscapeRight";
				IPHONEOS_DEPLOYMENT_TARGET = 17.0;
				LD_RUNPATH_SEARCH_PATHS = (
					"$(inherited)",
					"@executable_path/Frameworks",
				);
				MARKETING_VERSION = 1.0;
				PRODUCT_BUNDLE_IDENTIFIER = "com.kosoku.romita.Demo-iOS";
				PRODUCT_NAME = "$(TARGET_NAME)";
				SDKROOT = iphoneos;
				SWIFT_EMIT_LOC_STRINGS = YES;
				SWIFT_VERSION = 5.0;
				TARGETED_DEVICE_FAMILY = "1,2";
			};
			name = Debug;
		};
		79B4DFD12ADB7C310073D2B0 /* Release */ = {
			isa = XCBuildConfiguration;
			buildSettings = {
				ASSETCATALOG_COMPILER_APPICON_NAME = AppIcon;
				ASSETCATALOG_COMPILER_GLOBAL_ACCENT_COLOR_NAME = AccentColor;
				CODE_SIGN_STYLE = Automatic;
				CURRENT_PROJECT_VERSION = 1;
				DEVELOPMENT_TEAM = 74KPPW2K35;
				GENERATE_INFOPLIST_FILE = YES;
				INFOPLIST_FILE = "Demo-iOS/Info.plist";
				INFOPLIST_KEY_UIApplicationSupportsIndirectInputEvents = YES;
				INFOPLIST_KEY_UILaunchStoryboardName = LaunchScreen;
				INFOPLIST_KEY_UISupportedInterfaceOrientations_iPad = "UIInterfaceOrientationPortrait UIInterfaceOrientationPortraitUpsideDown UIInterfaceOrientationLandscapeLeft UIInterfaceOrientationLandscapeRight";
				INFOPLIST_KEY_UISupportedInterfaceOrientations_iPhone = "UIInterfaceOrientationPortrait UIInterfaceOrientationLandscapeLeft UIInterfaceOrientationLandscapeRight";
				IPHONEOS_DEPLOYMENT_TARGET = 17.0;
				LD_RUNPATH_SEARCH_PATHS = (
					"$(inherited)",
					"@executable_path/Frameworks",
				);
				MARKETING_VERSION = 1.0;
				PRODUCT_BUNDLE_IDENTIFIER = "com.kosoku.romita.Demo-iOS";
				PRODUCT_NAME = "$(TARGET_NAME)";
				SDKROOT = iphoneos;
				SWIFT_EMIT_LOC_STRINGS = YES;
				SWIFT_VERSION = 5.0;
				TARGETED_DEVICE_FAMILY = "1,2";
				VALIDATE_PRODUCT = YES;
			};
			name = Release;
		};
		79B4DFF52ADBA9080073D2B0 /* Debug */ = {
			isa = XCBuildConfiguration;
			buildSettings = {
				ASSETCATALOG_COMPILER_APPICON_NAME = AppIcon;
				ASSETCATALOG_COMPILER_GLOBAL_ACCENT_COLOR_NAME = AccentColor;
				CODE_SIGN_ENTITLEMENTS = "Demo-macOS/Demo_macOS.entitlements";
				CODE_SIGN_STYLE = Automatic;
				COMBINE_HIDPI_IMAGES = YES;
				CURRENT_PROJECT_VERSION = 1;
				DEVELOPMENT_TEAM = 74KPPW2K35;
				ENABLE_HARDENED_RUNTIME = YES;
				GENERATE_INFOPLIST_FILE = YES;
				INFOPLIST_KEY_NSHumanReadableCopyright = "Copyright © 2023 Kosoku Interactive, LLC. All rights reserved.";
				INFOPLIST_KEY_NSMainStoryboardFile = Main;
				INFOPLIST_KEY_NSPrincipalClass = NSApplication;
				LD_RUNPATH_SEARCH_PATHS = (
					"$(inherited)",
					"@executable_path/../Frameworks",
				);
				MACOSX_DEPLOYMENT_TARGET = 14.0;
				MARKETING_VERSION = 1.0;
				PRODUCT_BUNDLE_IDENTIFIER = "com.kosoku.romita.Demo-macOS";
				PRODUCT_NAME = "$(TARGET_NAME)";
				SDKROOT = macosx;
				SWIFT_EMIT_LOC_STRINGS = YES;
				SWIFT_VERSION = 5.0;
			};
			name = Debug;
		};
		79B4DFF62ADBA9080073D2B0 /* Release */ = {
			isa = XCBuildConfiguration;
			buildSettings = {
				ASSETCATALOG_COMPILER_APPICON_NAME = AppIcon;
				ASSETCATALOG_COMPILER_GLOBAL_ACCENT_COLOR_NAME = AccentColor;
				CODE_SIGN_ENTITLEMENTS = "Demo-macOS/Demo_macOS.entitlements";
				CODE_SIGN_STYLE = Automatic;
				COMBINE_HIDPI_IMAGES = YES;
				CURRENT_PROJECT_VERSION = 1;
				DEVELOPMENT_TEAM = 74KPPW2K35;
				ENABLE_HARDENED_RUNTIME = YES;
				GENERATE_INFOPLIST_FILE = YES;
				INFOPLIST_KEY_NSHumanReadableCopyright = "Copyright © 2023 Kosoku Interactive, LLC. All rights reserved.";
				INFOPLIST_KEY_NSMainStoryboardFile = Main;
				INFOPLIST_KEY_NSPrincipalClass = NSApplication;
				LD_RUNPATH_SEARCH_PATHS = (
					"$(inherited)",
					"@executable_path/../Frameworks",
				);
				MACOSX_DEPLOYMENT_TARGET = 14.0;
				MARKETING_VERSION = 1.0;
				PRODUCT_BUNDLE_IDENTIFIER = "com.kosoku.romita.Demo-macOS";
				PRODUCT_NAME = "$(TARGET_NAME)";
				SDKROOT = macosx;
				SWIFT_EMIT_LOC_STRINGS = YES;
				SWIFT_VERSION = 5.0;
			};
			name = Release;
		};
/* End XCBuildConfiguration section */

/* Begin XCConfigurationList section */
		796567B92AD1E05E007EE6CB /* Build configuration list for PBXProject "Romita" */ = {
			isa = XCConfigurationList;
			buildConfigurations = (
				796567CF2AD1E05E007EE6CB /* Debug */,
				796567D02AD1E05E007EE6CB /* Release */,
			);
			defaultConfigurationIsVisible = 0;
			defaultConfigurationName = Release;
		};
		796567D12AD1E05E007EE6CB /* Build configuration list for PBXNativeTarget "Romita" */ = {
			isa = XCConfigurationList;
			buildConfigurations = (
				796567D22AD1E05E007EE6CB /* Debug */,
				796567D32AD1E05E007EE6CB /* Release */,
			);
			defaultConfigurationIsVisible = 0;
			defaultConfigurationName = Release;
		};
		796567D42AD1E05E007EE6CB /* Build configuration list for PBXNativeTarget "RomitaTests" */ = {
			isa = XCConfigurationList;
			buildConfigurations = (
				796567D52AD1E05E007EE6CB /* Debug */,
				796567D62AD1E05E007EE6CB /* Release */,
			);
			defaultConfigurationIsVisible = 0;
			defaultConfigurationName = Release;
		};
		79B4DFCF2ADB7C310073D2B0 /* Build configuration list for PBXNativeTarget "Demo-iOS" */ = {
			isa = XCConfigurationList;
			buildConfigurations = (
				79B4DFD02ADB7C310073D2B0 /* Debug */,
				79B4DFD12ADB7C310073D2B0 /* Release */,
			);
			defaultConfigurationIsVisible = 0;
			defaultConfigurationName = Release;
		};
		79B4DFF42ADBA9080073D2B0 /* Build configuration list for PBXNativeTarget "Demo-macOS" */ = {
			isa = XCConfigurationList;
			buildConfigurations = (
				79B4DFF52ADBA9080073D2B0 /* Debug */,
				79B4DFF62ADBA9080073D2B0 /* Release */,
			);
			defaultConfigurationIsVisible = 0;
			defaultConfigurationName = Release;
		};
/* End XCConfigurationList section */

/* Begin XCRemoteSwiftPackageReference section */
		796DF6252AD22A6F00A18A4C /* XCRemoteSwiftPackageReference "Feige" */ = {
			isa = XCRemoteSwiftPackageReference;
			repositoryURL = "https://github.com/Kosoku/Feige";
			requirement = {
				kind = upToNextMajorVersion;
				minimumVersion = 2.0.0;
			};
		};
/* End XCRemoteSwiftPackageReference section */

/* Begin XCSwiftPackageProductDependency section */
		796DF6262AD22A6F00A18A4C /* Feige */ = {
			isa = XCSwiftPackageProductDependency;
			package = 796DF6252AD22A6F00A18A4C /* XCRemoteSwiftPackageReference "Feige" */;
			productName = Feige;
		};
/* End XCSwiftPackageProductDependency section */
	};
	rootObject = 796567B62AD1E05E007EE6CB /* Project object */;
}
